// !$*UTF8*$!
{
	archiveVersion = 1;
	classes = {
	};
	objectVersion = 46;
	objects = {

/* Begin PBXBuildFile section */
		6DB688011E60BCBA00842F06 /* intermediate_points.cpp in Sources */ = {isa = PBXBuildFile; fileRef = 6DB687FF1E60BCBA00842F06 /* intermediate_points.cpp */; };
		6DB688051E60BE5200842F06 /* png.cpp in Sources */ = {isa = PBXBuildFile; fileRef = 6DB688031E60BE5200842F06 /* png.cpp */; };
		6DB688091E60BF1C00842F06 /* rgbapixel.cpp in Sources */ = {isa = PBXBuildFile; fileRef = 6DB688071E60BF1C00842F06 /* rgbapixel.cpp */; };
		6DF4BB641E5B67140014AA8D /* main.cpp in Sources */ = {isa = PBXBuildFile; fileRef = 6DF4BB631E5B67140014AA8D /* main.cpp */; };
		6DF4BB6C1E5B67E60014AA8D /* points.cpp in Sources */ = {isa = PBXBuildFile; fileRef = 6DF4BB6A1E5B67E60014AA8D /* points.cpp */; };
/* End PBXBuildFile section */

/* Begin PBXCopyFilesBuildPhase section */
		6DF4BB5E1E5B67140014AA8D /* CopyFiles */ = {
			isa = PBXCopyFilesBuildPhase;
			buildActionMask = 2147483647;
			dstPath = /usr/share/man/man1/;
			dstSubfolderSpec = 0;
			files = (
			);
			runOnlyForDeploymentPostprocessing = 1;
		};
/* End PBXCopyFilesBuildPhase section */

/* Begin PBXFileReference section */
		6DB687FF1E60BCBA00842F06 /* intermediate_points.cpp */ = {isa = PBXFileReference; fileEncoding = 4; lastKnownFileType = sourcecode.cpp.cpp; name = intermediate_points.cpp; path = ../intermediate_points.cpp; sourceTree = "<group>"; };
		6DB688001E60BCBA00842F06 /* intermediate_points.hpp */ = {isa = PBXFileReference; fileEncoding = 4; lastKnownFileType = sourcecode.cpp.h; name = intermediate_points.hpp; path = ../intermediate_points.hpp; sourceTree = "<group>"; };
		6DB688021E60BDA600842F06 /* drawer.h */ = {isa = PBXFileReference; lastKnownFileType = sourcecode.c.h; name = drawer.h; path = ../drawer.h; sourceTree = "<group>"; };
		6DB688031E60BE5200842F06 /* png.cpp */ = {isa = PBXFileReference; fileEncoding = 4; lastKnownFileType = sourcecode.cpp.cpp; name = png.cpp; path = ../png.cpp; sourceTree = "<group>"; };
		6DB688041E60BE5200842F06 /* png.hpp */ = {isa = PBXFileReference; fileEncoding = 4; lastKnownFileType = sourcecode.cpp.h; name = png.hpp; path = ../png.hpp; sourceTree = "<group>"; };
		6DB688061E60BECF00842F06 /* png.h */ = {isa = PBXFileReference; lastKnownFileType = sourcecode.c.h; name = png.h; path = ../png.h; sourceTree = "<group>"; };
		6DB688071E60BF1C00842F06 /* rgbapixel.cpp */ = {isa = PBXFileReference; fileEncoding = 4; lastKnownFileType = sourcecode.cpp.cpp; name = rgbapixel.cpp; path = ../rgbapixel.cpp; sourceTree = "<group>"; };
		6DB688081E60BF1C00842F06 /* rgbapixel.hpp */ = {isa = PBXFileReference; fileEncoding = 4; lastKnownFileType = sourcecode.cpp.h; name = rgbapixel.hpp; path = ../rgbapixel.hpp; sourceTree = "<group>"; };
		6DF4BB601E5B67140014AA8D /* steiner tree simulation */ = {isa = PBXFileReference; explicitFileType = "compiled.mach-o.executable"; includeInIndex = 0; path = "steiner tree simulation"; sourceTree = BUILT_PRODUCTS_DIR; };
		6DF4BB631E5B67140014AA8D /* main.cpp */ = {isa = PBXFileReference; lastKnownFileType = sourcecode.cpp.cpp; path = main.cpp; sourceTree = "<group>"; };
		6DF4BB6A1E5B67E60014AA8D /* points.cpp */ = {isa = PBXFileReference; fileEncoding = 4; lastKnownFileType = sourcecode.cpp.cpp; path = points.cpp; sourceTree = "<group>"; };
		6DF4BB6B1E5B67E60014AA8D /* points.hpp */ = {isa = PBXFileReference; fileEncoding = 4; lastKnownFileType = sourcecode.cpp.h; path = points.hpp; sourceTree = "<group>"; };
/* End PBXFileReference section */

/* Begin PBXFrameworksBuildPhase section */
		6DF4BB5D1E5B67140014AA8D /* Frameworks */ = {
			isa = PBXFrameworksBuildPhase;
			buildActionMask = 2147483647;
			files = (
			);
			runOnlyForDeploymentPostprocessing = 0;
		};
/* End PBXFrameworksBuildPhase section */

/* Begin PBXGroup section */
		6DF4BB571E5B67140014AA8D = {
			isa = PBXGroup;
			children = (
				6DF4BB621E5B67140014AA8D /* steiner tree simulation */,
				6DF4BB611E5B67140014AA8D /* Products */,
			);
			sourceTree = "<group>";
		};
		6DF4BB611E5B67140014AA8D /* Products */ = {
			isa = PBXGroup;
			children = (
				6DF4BB601E5B67140014AA8D /* steiner tree simulation */,
			);
			name = Products;
			sourceTree = "<group>";
		};
		6DF4BB621E5B67140014AA8D /* steiner tree simulation */ = {
			isa = PBXGroup;
			children = (
				6DF4BB6A1E5B67E60014AA8D /* points.cpp */,
				6DF4BB6B1E5B67E60014AA8D /* points.hpp */,
				6DB687FF1E60BCBA00842F06 /* intermediate_points.cpp */,
				6DB688001E60BCBA00842F06 /* intermediate_points.hpp */,
				6DB688031E60BE5200842F06 /* png.cpp */,
				6DB688041E60BE5200842F06 /* png.hpp */,
				6DB688061E60BECF00842F06 /* png.h */,
				6DF4BB631E5B67140014AA8D /* main.cpp */,
				6DB688071E60BF1C00842F06 /* rgbapixel.cpp */,
				6DB688081E60BF1C00842F06 /* rgbapixel.hpp */,
				6DB688021E60BDA600842F06 /* drawer.h */,
			);
			path = "steiner tree simulation";
			sourceTree = "<group>";
		};
/* End PBXGroup section */

/* Begin PBXNativeTarget section */
		6DF4BB5F1E5B67140014AA8D /* steiner tree simulation */ = {
			isa = PBXNativeTarget;
			buildConfigurationList = 6DF4BB671E5B67140014AA8D /* Build configuration list for PBXNativeTarget "steiner tree simulation" */;
			buildPhases = (
				6DF4BB5C1E5B67140014AA8D /* Sources */,
				6DF4BB5D1E5B67140014AA8D /* Frameworks */,
				6DF4BB5E1E5B67140014AA8D /* CopyFiles */,
			);
			buildRules = (
			);
			dependencies = (
			);
			name = "steiner tree simulation";
			productName = "steiner tree simulation";
			productReference = 6DF4BB601E5B67140014AA8D /* steiner tree simulation */;
			productType = "com.apple.product-type.tool";
		};
/* End PBXNativeTarget section */

/* Begin PBXProject section */
		6DF4BB581E5B67140014AA8D /* Project object */ = {
			isa = PBXProject;
			attributes = {
				LastUpgradeCheck = 0820;
				ORGANIZATIONNAME = "Lufan Zhou";
				TargetAttributes = {
					6DF4BB5F1E5B67140014AA8D = {
						CreatedOnToolsVersion = 8.2;
						ProvisioningStyle = Automatic;
					};
				};
			};
			buildConfigurationList = 6DF4BB5B1E5B67140014AA8D /* Build configuration list for PBXProject "steiner tree simulation" */;
			compatibilityVersion = "Xcode 3.2";
			developmentRegion = English;
			hasScannedForEncodings = 0;
			knownRegions = (
				en,
			);
			mainGroup = 6DF4BB571E5B67140014AA8D;
			productRefGroup = 6DF4BB611E5B67140014AA8D /* Products */;
			projectDirPath = "";
			projectRoot = "";
			targets = (
				6DF4BB5F1E5B67140014AA8D /* steiner tree simulation */,
			);
		};
/* End PBXProject section */

/* Begin PBXSourcesBuildPhase section */
		6DF4BB5C1E5B67140014AA8D /* Sources */ = {
			isa = PBXSourcesBuildPhase;
			buildActionMask = 2147483647;
			files = (
				6DF4BB6C1E5B67E60014AA8D /* points.cpp in Sources */,
				6DB688051E60BE5200842F06 /* png.cpp in Sources */,
				6DB688011E60BCBA00842F06 /* intermediate_points.cpp in Sources */,
				6DF4BB641E5B67140014AA8D /* main.cpp in Sources */,
				6DB688091E60BF1C00842F06 /* rgbapixel.cpp in Sources */,
			);
			runOnlyForDeploymentPostprocessing = 0;
		};
/* End PBXSourcesBuildPhase section */

/* Begin XCBuildConfiguration section */
		6DF4BB651E5B67140014AA8D /* Debug */ = {
			isa = XCBuildConfiguration;
			buildSettings = {
				ALWAYS_SEARCH_USER_PATHS = NO;
				CLANG_ANALYZER_NONNULL = YES;
				CLANG_CXX_LANGUAGE_STANDARD = "gnu++0x";
				CLANG_CXX_LIBRARY = "libc++";
				CLANG_ENABLE_MODULES = YES;
				CLANG_ENABLE_OBJC_ARC = YES;
				CLANG_WARN_BOOL_CONVERSION = YES;
				CLANG_WARN_CONSTANT_CONVERSION = YES;
				CLANG_WARN_DIRECT_OBJC_ISA_USAGE = YES_ERROR;
				CLANG_WARN_DOCUMENTATION_COMMENTS = YES;
				CLANG_WARN_EMPTY_BODY = YES;
				CLANG_WARN_ENUM_CONVERSION = YES;
				CLANG_WARN_INFINITE_RECURSION = YES;
				CLANG_WARN_INT_CONVERSION = YES;
				CLANG_WARN_OBJC_ROOT_CLASS = YES_ERROR;
				CLANG_WARN_SUSPICIOUS_MOVE = YES;
				CLANG_WARN_UNREACHABLE_CODE = YES;
				CLANG_WARN__DUPLICATE_METHOD_MATCH = YES;
				CODE_SIGN_IDENTITY = "-";
				COPY_PHASE_STRIP = NO;
				DEBUG_INFORMATION_FORMAT = dwarf;
				ENABLE_STRICT_OBJC_MSGSEND = YES;
				ENABLE_TESTABILITY = YES;
				GCC_C_LANGUAGE_STANDARD = gnu99;
				GCC_DYNAMIC_NO_PIC = NO;
				GCC_NO_COMMON_BLOCKS = YES;
				GCC_OPTIMIZATION_LEVEL = 0;
				GCC_PREPROCESSOR_DEFINITIONS = (
					"DEBUG=1",
					"$(inherited)",
				);
				GCC_WARN_64_TO_32_BIT_CONVERSION = YES;
				GCC_WARN_ABOUT_RETURN_TYPE = YES_ERROR;
				GCC_WARN_UNDECLARED_SELECTOR = YES;
				GCC_WARN_UNINITIALIZED_AUTOS = YES_AGGRESSIVE;
				GCC_WARN_UNUSED_FUNCTION = YES;
				GCC_WARN_UNUSED_VARIABLE = YES;
				MACOSX_DEPLOYMENT_TARGET = 10.12;
				MTL_ENABLE_DEBUG_INFO = YES;
				ONLY_ACTIVE_ARCH = YES;
				SDKROOT = macosx;
			};
			name = Debug;
		};
		6DF4BB661E5B67140014AA8D /* Release */ = {
			isa = XCBuildConfiguration;
			buildSettings = {
				ALWAYS_SEARCH_USER_PATHS = NO;
				CLANG_ANALYZER_NONNULL = YES;
				CLANG_CXX_LANGUAGE_STANDARD = "gnu++0x";
				CLANG_CXX_LIBRARY = "libc++";
				CLANG_ENABLE_MODULES = YES;
				CLANG_ENABLE_OBJC_ARC = YES;
				CLANG_WARN_BOOL_CONVERSION = YES;
				CLANG_WARN_CONSTANT_CONVERSION = YES;
				CLANG_WARN_DIRECT_OBJC_ISA_USAGE = YES_ERROR;
				CLANG_WARN_DOCUMENTATION_COMMENTS = YES;
				CLANG_WARN_EMPTY_BODY = YES;
				CLANG_WARN_ENUM_CONVERSION = YES;
				CLANG_WARN_INFINITE_RECURSION = YES;
				CLANG_WARN_INT_CONVERSION = YES;
				CLANG_WARN_OBJC_ROOT_CLASS = YES_ERROR;
				CLANG_WARN_SUSPICIOUS_MOVE = YES;
				CLANG_WARN_UNREACHABLE_CODE = YES;
				CLANG_WARN__DUPLICATE_METHOD_MATCH = YES;
				CODE_SIGN_IDENTITY = "-";
				COPY_PHASE_STRIP = NO;
				DEBUG_INFORMATION_FORMAT = "dwarf-with-dsym";
				ENABLE_NS_ASSERTIONS = NO;
				ENABLE_STRICT_OBJC_MSGSEND = YES;
				GCC_C_LANGUAGE_STANDARD = gnu99;
				GCC_NO_COMMON_BLOCKS = YES;
				GCC_WARN_64_TO_32_BIT_CONVERSION = YES;
				GCC_WARN_ABOUT_RETURN_TYPE = YES_ERROR;
				GCC_WARN_UNDECLARED_SELECTOR = YES;
				GCC_WARN_UNINITIALIZED_AUTOS = YES_AGGRESSIVE;
				GCC_WARN_UNUSED_FUNCTION = YES;
				GCC_WARN_UNUSED_VARIABLE = YES;
				MACOSX_DEPLOYMENT_TARGET = 10.12;
				MTL_ENABLE_DEBUG_INFO = NO;
				SDKROOT = macosx;
			};
			name = Release;
		};
		6DF4BB681E5B67140014AA8D /* Debug */ = {
			isa = XCBuildConfiguration;
			buildSettings = {
				PRODUCT_NAME = "$(TARGET_NAME)";
			};
			name = Debug;
		};
		6DF4BB691E5B67140014AA8D /* Release */ = {
			isa = XCBuildConfiguration;
			buildSettings = {
				PRODUCT_NAME = "$(TARGET_NAME)";
			};
			name = Release;
		};
/* End XCBuildConfiguration section */

/* Begin XCConfigurationList section */
		6DF4BB5B1E5B67140014AA8D /* Build configuration list for PBXProject "steiner tree simulation" */ = {
			isa = XCConfigurationList;
			buildConfigurations = (
				6DF4BB651E5B67140014AA8D /* Debug */,
				6DF4BB661E5B67140014AA8D /* Release */,
			);
			defaultConfigurationIsVisible = 0;
			defaultConfigurationName = Release;
		};
		6DF4BB671E5B67140014AA8D /* Build configuration list for PBXNativeTarget "steiner tree simulation" */ = {
			isa = XCConfigurationList;
			buildConfigurations = (
				6DF4BB681E5B67140014AA8D /* Debug */,
				6DF4BB691E5B67140014AA8D /* Release */,
			);
			defaultConfigurationIsVisible = 0;
			defaultConfigurationName = Release;
		};
/* End XCConfigurationList section */
	};
	rootObject = 6DF4BB581E5B67140014AA8D /* Project object */;
}
